// !$*UTF8*$!
{
	archiveVersion = 1;
	classes = {
	};
	objectVersion = 77;
	objects = {

/* Begin PBXBuildFile section */
		791B11C02DF1D260003461D6 /* RealmSwift in Frameworks */ = {isa = PBXBuildFile; productRef = 791B11BF2DF1D260003461D6 /* RealmSwift */; };
		791B11C92DF1D309003461D6 /* SocketIO in Frameworks */ = {isa = PBXBuildFile; productRef = 791B11C82DF1D309003461D6 /* SocketIO */; };
		791B11D22DF2A44B003461D6 /* RealmSwift in Embed Frameworks */ = {isa = PBXBuildFile; productRef = 791B11BF2DF1D260003461D6 /* RealmSwift */; settings = {ATTRIBUTES = (CodeSignOnCopy, ); }; };
		792CF8942DCFB6BE0074FB34 /* .gitignore in Resources */ = {isa = PBXBuildFile; fileRef = 792CF8932DCFB6BE0074FB34 /* .gitignore */; };
		793178442DE8739700D0CC75 /* Kingfisher in Frameworks */ = {isa = PBXBuildFile; productRef = 793178432DE8739700D0CC75 /* Kingfisher */; };
		79C1FE562DF5551F006D6141 /* FirebaseAnalyticsWithoutAdIdSupport in Frameworks */ = {isa = PBXBuildFile; productRef = 79C1FE552DF5551F006D6141 /* FirebaseAnalyticsWithoutAdIdSupport */; };
		79C1FE582DF5551F006D6141 /* FirebaseCrashlytics in Frameworks */ = {isa = PBXBuildFile; productRef = 79C1FE572DF5551F006D6141 /* FirebaseCrashlytics */; };
		79C1FE5A2DF5551F006D6141 /* FirebaseMessaging in Frameworks */ = {isa = PBXBuildFile; productRef = 79C1FE592DF5551F006D6141 /* FirebaseMessaging */; };
		79F4B4C42DD47766008F95BE /* Alamofire in Frameworks */ = {isa = PBXBuildFile; productRef = 79F4B4C32DD47766008F95BE /* Alamofire */; };
		79F4B4C72DD47774008F95BE /* KakaoSDKAuth in Frameworks */ = {isa = PBXBuildFile; productRef = 79F4B4C62DD47774008F95BE /* KakaoSDKAuth */; };
		79F4B4C92DD47774008F95BE /* KakaoSDKCommon in Frameworks */ = {isa = PBXBuildFile; productRef = 79F4B4C82DD47774008F95BE /* KakaoSDKCommon */; };
		79F4B4CB2DD47774008F95BE /* KakaoSDKUser in Frameworks */ = {isa = PBXBuildFile; productRef = 79F4B4CA2DD47774008F95BE /* KakaoSDKUser */; };
/* End PBXBuildFile section */

/* Begin PBXCopyFilesBuildPhase section */
		791B11D32DF2A44B003461D6 /* Embed Frameworks */ = {
			isa = PBXCopyFilesBuildPhase;
			buildActionMask = 2147483647;
			dstPath = "";
			dstSubfolderSpec = 10;
			files = (
				791B11D22DF2A44B003461D6 /* RealmSwift in Embed Frameworks */,
			);
			name = "Embed Frameworks";
			runOnlyForDeploymentPostprocessing = 0;
		};
/* End PBXCopyFilesBuildPhase section */

/* Begin PBXFileReference section */
		792CF87E2DCFB3880074FB34 /* FLOV.app */ = {isa = PBXFileReference; explicitFileType = wrapper.application; includeInIndex = 0; path = FLOV.app; sourceTree = BUILT_PRODUCTS_DIR; };
		792CF8932DCFB6BE0074FB34 /* .gitignore */ = {isa = PBXFileReference; lastKnownFileType = text; path = .gitignore; sourceTree = "<group>"; };
		792CF8952DCFB7FE0074FB34 /* Config.xcconfig */ = {isa = PBXFileReference; lastKnownFileType = text.xcconfig; path = Config.xcconfig; sourceTree = "<group>"; };
/* End PBXFileReference section */

/* Begin PBXFileSystemSynchronizedBuildFileExceptionSet section */
		792CF9B32DD0790A0074FB34 /* Exceptions for "FLOV" folder in "FLOV" target */ = {
			isa = PBXFileSystemSynchronizedBuildFileExceptionSet;
			membershipExceptions = (
				Info.plist,
			);
			target = 792CF87D2DCFB3880074FB34 /* FLOV */;
		};
/* End PBXFileSystemSynchronizedBuildFileExceptionSet section */

/* Begin PBXFileSystemSynchronizedRootGroup section */
		792CF8802DCFB3880074FB34 /* FLOV */ = {
			isa = PBXFileSystemSynchronizedRootGroup;
			exceptions = (
				792CF9B32DD0790A0074FB34 /* Exceptions for "FLOV" folder in "FLOV" target */,
			);
			path = FLOV;
			sourceTree = "<group>";
		};
/* End PBXFileSystemSynchronizedRootGroup section */

/* Begin PBXFrameworksBuildPhase section */
		792CF87B2DCFB3880074FB34 /* Frameworks */ = {
			isa = PBXFrameworksBuildPhase;
			buildActionMask = 2147483647;
			files = (
				791B11C02DF1D260003461D6 /* RealmSwift in Frameworks */,
				79F4B4CB2DD47774008F95BE /* KakaoSDKUser in Frameworks */,
				79C1FE5A2DF5551F006D6141 /* FirebaseMessaging in Frameworks */,
				791B11C92DF1D309003461D6 /* SocketIO in Frameworks */,
				79F4B4C42DD47766008F95BE /* Alamofire in Frameworks */,
				79F4B4C92DD47774008F95BE /* KakaoSDKCommon in Frameworks */,
				79F4B4C72DD47774008F95BE /* KakaoSDKAuth in Frameworks */,
				79C1FE582DF5551F006D6141 /* FirebaseCrashlytics in Frameworks */,
				793178442DE8739700D0CC75 /* Kingfisher in Frameworks */,
				79C1FE562DF5551F006D6141 /* FirebaseAnalyticsWithoutAdIdSupport in Frameworks */,
			);
			runOnlyForDeploymentPostprocessing = 0;
		};
/* End PBXFrameworksBuildPhase section */

/* Begin PBXGroup section */
		792CF8752DCFB3880074FB34 = {
			isa = PBXGroup;
			children = (
				792CF8952DCFB7FE0074FB34 /* Config.xcconfig */,
				792CF8932DCFB6BE0074FB34 /* .gitignore */,
				792CF8802DCFB3880074FB34 /* FLOV */,
				792CF87F2DCFB3880074FB34 /* Products */,
			);
			sourceTree = "<group>";
		};
		792CF87F2DCFB3880074FB34 /* Products */ = {
			isa = PBXGroup;
			children = (
				792CF87E2DCFB3880074FB34 /* FLOV.app */,
			);
			name = Products;
			sourceTree = "<group>";
		};
/* End PBXGroup section */

/* Begin PBXNativeTarget section */
		792CF87D2DCFB3880074FB34 /* FLOV */ = {
			isa = PBXNativeTarget;
			buildConfigurationList = 792CF88C2DCFB3890074FB34 /* Build configuration list for PBXNativeTarget "FLOV" */;
			buildPhases = (
				792CF87A2DCFB3880074FB34 /* Sources */,
				792CF87B2DCFB3880074FB34 /* Frameworks */,
				792CF87C2DCFB3880074FB34 /* Resources */,
				791B11D32DF2A44B003461D6 /* Embed Frameworks */,
			);
			buildRules = (
			);
			dependencies = (
			);
			fileSystemSynchronizedGroups = (
				792CF8802DCFB3880074FB34 /* FLOV */,
			);
			name = FLOV;
			packageProductDependencies = (
				79F4B4C32DD47766008F95BE /* Alamofire */,
				79F4B4C62DD47774008F95BE /* KakaoSDKAuth */,
				79F4B4C82DD47774008F95BE /* KakaoSDKCommon */,
				79F4B4CA2DD47774008F95BE /* KakaoSDKUser */,
				793178432DE8739700D0CC75 /* Kingfisher */,
				791B11BF2DF1D260003461D6 /* RealmSwift */,
				791B11C82DF1D309003461D6 /* SocketIO */,
				79C1FE552DF5551F006D6141 /* FirebaseAnalyticsWithoutAdIdSupport */,
				79C1FE572DF5551F006D6141 /* FirebaseCrashlytics */,
				79C1FE592DF5551F006D6141 /* FirebaseMessaging */,
			);
			productName = FLOV;
			productReference = 792CF87E2DCFB3880074FB34 /* FLOV.app */;
			productType = "com.apple.product-type.application";
		};
/* End PBXNativeTarget section */

/* Begin PBXProject section */
		792CF8762DCFB3880074FB34 /* Project object */ = {
			isa = PBXProject;
			attributes = {
				BuildIndependentTargetsInParallel = 1;
				LastSwiftUpdateCheck = 1620;
				LastUpgradeCheck = 1640;
				TargetAttributes = {
					792CF87D2DCFB3880074FB34 = {
						CreatedOnToolsVersion = 16.2;
					};
				};
			};
			buildConfigurationList = 792CF8792DCFB3880074FB34 /* Build configuration list for PBXProject "FLOV" */;
			developmentRegion = en;
			hasScannedForEncodings = 0;
			knownRegions = (
				en,
				Base,
			);
			mainGroup = 792CF8752DCFB3880074FB34;
			minimizedProjectReferenceProxies = 1;
			packageReferences = (
				79F4B4C22DD47766008F95BE /* XCRemoteSwiftPackageReference "Alamofire" */,
				79F4B4C52DD47774008F95BE /* XCRemoteSwiftPackageReference "kakao-ios-sdk" */,
				793178422DE8739700D0CC75 /* XCRemoteSwiftPackageReference "Kingfisher" */,
				791B11BE2DF1D260003461D6 /* XCRemoteSwiftPackageReference "realm-swift" */,
				791B11C72DF1D309003461D6 /* XCRemoteSwiftPackageReference "socket.io-client-swift" */,
				79C1FE542DF5551F006D6141 /* XCRemoteSwiftPackageReference "firebase-ios-sdk" */,
			);
			preferredProjectObjectVersion = 77;
			productRefGroup = 792CF87F2DCFB3880074FB34 /* Products */;
			projectDirPath = "";
			projectRoot = "";
			targets = (
				792CF87D2DCFB3880074FB34 /* FLOV */,
			);
		};
/* End PBXProject section */

/* Begin PBXResourcesBuildPhase section */
		792CF87C2DCFB3880074FB34 /* Resources */ = {
			isa = PBXResourcesBuildPhase;
			buildActionMask = 2147483647;
			files = (
				792CF8942DCFB6BE0074FB34 /* .gitignore in Resources */,
			);
			runOnlyForDeploymentPostprocessing = 0;
		};
/* End PBXResourcesBuildPhase section */

/* Begin PBXSourcesBuildPhase section */
		792CF87A2DCFB3880074FB34 /* Sources */ = {
			isa = PBXSourcesBuildPhase;
			buildActionMask = 2147483647;
			files = (
			);
			runOnlyForDeploymentPostprocessing = 0;
		};
/* End PBXSourcesBuildPhase section */

/* Begin XCBuildConfiguration section */
		792CF88A2DCFB3890074FB34 /* Debug */ = {
			isa = XCBuildConfiguration;
			baseConfigurationReference = 792CF8952DCFB7FE0074FB34 /* Config.xcconfig */;
			buildSettings = {
				ALWAYS_SEARCH_USER_PATHS = NO;
				ASSETCATALOG_COMPILER_GENERATE_SWIFT_ASSET_SYMBOL_EXTENSIONS = YES;
				CLANG_ANALYZER_NONNULL = YES;
				CLANG_ANALYZER_NUMBER_OBJECT_CONVERSION = YES_AGGRESSIVE;
				CLANG_CXX_LANGUAGE_STANDARD = "gnu++20";
				CLANG_ENABLE_MODULES = YES;
				CLANG_ENABLE_OBJC_ARC = YES;
				CLANG_ENABLE_OBJC_WEAK = YES;
				CLANG_WARN_BLOCK_CAPTURE_AUTORELEASING = YES;
				CLANG_WARN_BOOL_CONVERSION = YES;
				CLANG_WARN_COMMA = YES;
				CLANG_WARN_CONSTANT_CONVERSION = YES;
				CLANG_WARN_DEPRECATED_OBJC_IMPLEMENTATIONS = YES;
				CLANG_WARN_DIRECT_OBJC_ISA_USAGE = YES_ERROR;
				CLANG_WARN_DOCUMENTATION_COMMENTS = YES;
				CLANG_WARN_EMPTY_BODY = YES;
				CLANG_WARN_ENUM_CONVERSION = YES;
				CLANG_WARN_INFINITE_RECURSION = YES;
				CLANG_WARN_INT_CONVERSION = YES;
				CLANG_WARN_NON_LITERAL_NULL_CONVERSION = YES;
				CLANG_WARN_OBJC_IMPLICIT_RETAIN_SELF = YES;
				CLANG_WARN_OBJC_LITERAL_CONVERSION = YES;
				CLANG_WARN_OBJC_ROOT_CLASS = YES_ERROR;
				CLANG_WARN_QUOTED_INCLUDE_IN_FRAMEWORK_HEADER = YES;
				CLANG_WARN_RANGE_LOOP_ANALYSIS = YES;
				CLANG_WARN_STRICT_PROTOTYPES = YES;
				CLANG_WARN_SUSPICIOUS_MOVE = YES;
				CLANG_WARN_UNGUARDED_AVAILABILITY = YES_AGGRESSIVE;
				CLANG_WARN_UNREACHABLE_CODE = YES;
				CLANG_WARN__DUPLICATE_METHOD_MATCH = YES;
				COPY_PHASE_STRIP = NO;
				DEBUG_INFORMATION_FORMAT = dwarf;
				DEVELOPMENT_TEAM = MXGCKXDXUM;
				ENABLE_STRICT_OBJC_MSGSEND = YES;
				ENABLE_TESTABILITY = YES;
				ENABLE_USER_SCRIPT_SANDBOXING = YES;
				GCC_C_LANGUAGE_STANDARD = gnu17;
				GCC_DYNAMIC_NO_PIC = NO;
				GCC_NO_COMMON_BLOCKS = YES;
				GCC_OPTIMIZATION_LEVEL = 0;
				GCC_PREPROCESSOR_DEFINITIONS = (
					"DEBUG=1",
					"$(inherited)",
				);
				GCC_WARN_64_TO_32_BIT_CONVERSION = YES;
				GCC_WARN_ABOUT_RETURN_TYPE = YES_ERROR;
				GCC_WARN_UNDECLARED_SELECTOR = YES;
				GCC_WARN_UNINITIALIZED_AUTOS = YES_AGGRESSIVE;
				GCC_WARN_UNUSED_FUNCTION = YES;
				GCC_WARN_UNUSED_VARIABLE = YES;
				IPHONEOS_DEPLOYMENT_TARGET = 18.2;
				LOCALIZATION_PREFERS_STRING_CATALOGS = YES;
				MTL_ENABLE_DEBUG_INFO = INCLUDE_SOURCE;
				MTL_FAST_MATH = YES;
				ONLY_ACTIVE_ARCH = YES;
				SDKROOT = iphoneos;
				SWIFT_ACTIVE_COMPILATION_CONDITIONS = "DEBUG $(inherited)";
				SWIFT_OPTIMIZATION_LEVEL = "-Onone";
			};
			name = Debug;
		};
		792CF88B2DCFB3890074FB34 /* Release */ = {
			isa = XCBuildConfiguration;
			buildSettings = {
				ALWAYS_SEARCH_USER_PATHS = NO;
				ASSETCATALOG_COMPILER_GENERATE_SWIFT_ASSET_SYMBOL_EXTENSIONS = YES;
				CLANG_ANALYZER_NONNULL = YES;
				CLANG_ANALYZER_NUMBER_OBJECT_CONVERSION = YES_AGGRESSIVE;
				CLANG_CXX_LANGUAGE_STANDARD = "gnu++20";
				CLANG_ENABLE_MODULES = YES;
				CLANG_ENABLE_OBJC_ARC = YES;
				CLANG_ENABLE_OBJC_WEAK = YES;
				CLANG_WARN_BLOCK_CAPTURE_AUTORELEASING = YES;
				CLANG_WARN_BOOL_CONVERSION = YES;
				CLANG_WARN_COMMA = YES;
				CLANG_WARN_CONSTANT_CONVERSION = YES;
				CLANG_WARN_DEPRECATED_OBJC_IMPLEMENTATIONS = YES;
				CLANG_WARN_DIRECT_OBJC_ISA_USAGE = YES_ERROR;
				CLANG_WARN_DOCUMENTATION_COMMENTS = YES;
				CLANG_WARN_EMPTY_BODY = YES;
				CLANG_WARN_ENUM_CONVERSION = YES;
				CLANG_WARN_INFINITE_RECURSION = YES;
				CLANG_WARN_INT_CONVERSION = YES;
				CLANG_WARN_NON_LITERAL_NULL_CONVERSION = YES;
				CLANG_WARN_OBJC_IMPLICIT_RETAIN_SELF = YES;
				CLANG_WARN_OBJC_LITERAL_CONVERSION = YES;
				CLANG_WARN_OBJC_ROOT_CLASS = YES_ERROR;
				CLANG_WARN_QUOTED_INCLUDE_IN_FRAMEWORK_HEADER = YES;
				CLANG_WARN_RANGE_LOOP_ANALYSIS = YES;
				CLANG_WARN_STRICT_PROTOTYPES = YES;
				CLANG_WARN_SUSPICIOUS_MOVE = YES;
				CLANG_WARN_UNGUARDED_AVAILABILITY = YES_AGGRESSIVE;
				CLANG_WARN_UNREACHABLE_CODE = YES;
				CLANG_WARN__DUPLICATE_METHOD_MATCH = YES;
				COPY_PHASE_STRIP = NO;
				DEBUG_INFORMATION_FORMAT = "dwarf-with-dsym";
				DEVELOPMENT_TEAM = MXGCKXDXUM;
				ENABLE_NS_ASSERTIONS = NO;
				ENABLE_STRICT_OBJC_MSGSEND = YES;
				ENABLE_USER_SCRIPT_SANDBOXING = YES;
				GCC_C_LANGUAGE_STANDARD = gnu17;
				GCC_NO_COMMON_BLOCKS = YES;
				GCC_WARN_64_TO_32_BIT_CONVERSION = YES;
				GCC_WARN_ABOUT_RETURN_TYPE = YES_ERROR;
				GCC_WARN_UNDECLARED_SELECTOR = YES;
				GCC_WARN_UNINITIALIZED_AUTOS = YES_AGGRESSIVE;
				GCC_WARN_UNUSED_FUNCTION = YES;
				GCC_WARN_UNUSED_VARIABLE = YES;
				IPHONEOS_DEPLOYMENT_TARGET = 18.2;
				LOCALIZATION_PREFERS_STRING_CATALOGS = YES;
				MTL_ENABLE_DEBUG_INFO = NO;
				MTL_FAST_MATH = YES;
				SDKROOT = iphoneos;
				SWIFT_COMPILATION_MODE = wholemodule;
				VALIDATE_PRODUCT = YES;
			};
			name = Release;
		};
		792CF88D2DCFB3890074FB34 /* Debug */ = {
			isa = XCBuildConfiguration;
			buildSettings = {
				ASSETCATALOG_COMPILER_APPICON_NAME = AppIcon;
				ASSETCATALOG_COMPILER_GLOBAL_ACCENT_COLOR_NAME = AccentColor;
				CODE_SIGN_ENTITLEMENTS = FLOV/FLOV.entitlements;
				CODE_SIGN_STYLE = Automatic;
				CURRENT_PROJECT_VERSION = 1;
				DEVELOPMENT_ASSET_PATHS = "\"FLOV/Preview Content\"";
				ENABLE_PREVIEWS = YES;
				GENERATE_INFOPLIST_FILE = YES;
				INFOPLIST_FILE = FLOV/Info.plist;
				INFOPLIST_KEY_CFBundleDisplayName = FLOV;
				INFOPLIST_KEY_UIApplicationSceneManifest_Generation = YES;
				INFOPLIST_KEY_UIApplicationSupportsIndirectInputEvents = YES;
				INFOPLIST_KEY_UILaunchScreen_Generation = YES;
				INFOPLIST_KEY_UISupportedInterfaceOrientations = UIInterfaceOrientationPortrait;
				INFOPLIST_KEY_UISupportedInterfaceOrientations_iPad = "UIInterfaceOrientationLandscapeLeft UIInterfaceOrientationLandscapeRight UIInterfaceOrientationPortrait UIInterfaceOrientationPortraitUpsideDown";
				INFOPLIST_KEY_UIUserInterfaceStyle = Light;
				IPHONEOS_DEPLOYMENT_TARGET = 16.0;
				LD_RUNPATH_SEARCH_PATHS = (
					"$(inherited)",
					"@executable_path/Frameworks",
				);
				MARKETING_VERSION = 1.0;
				PRODUCT_BUNDLE_IDENTIFIER = com.feather.FLOV;
				PRODUCT_NAME = "$(TARGET_NAME)";
				SUPPORTED_PLATFORMS = "iphoneos iphonesimulator";
				SUPPORTS_MACCATALYST = NO;
				SUPPORTS_MAC_DESIGNED_FOR_IPHONE_IPAD = NO;
				SUPPORTS_XR_DESIGNED_FOR_IPHONE_IPAD = NO;
				SWIFT_EMIT_LOC_STRINGS = YES;
				SWIFT_VERSION = 5.0;
				TARGETED_DEVICE_FAMILY = 1;
			};
			name = Debug;
		};
		792CF88E2DCFB3890074FB34 /* Release */ = {
			isa = XCBuildConfiguration;
			buildSettings = {
				ASSETCATALOG_COMPILER_APPICON_NAME = AppIcon;
				ASSETCATALOG_COMPILER_GLOBAL_ACCENT_COLOR_NAME = AccentColor;
				CODE_SIGN_ENTITLEMENTS = FLOV/FLOV.entitlements;
				CODE_SIGN_STYLE = Automatic;
				CURRENT_PROJECT_VERSION = 1;
				DEVELOPMENT_ASSET_PATHS = "\"FLOV/Preview Content\"";
				ENABLE_PREVIEWS = YES;
				GENERATE_INFOPLIST_FILE = YES;
				INFOPLIST_FILE = FLOV/Info.plist;
				INFOPLIST_KEY_CFBundleDisplayName = FLOV;
				INFOPLIST_KEY_UIApplicationSceneManifest_Generation = YES;
				INFOPLIST_KEY_UIApplicationSupportsIndirectInputEvents = YES;
				INFOPLIST_KEY_UILaunchScreen_Generation = YES;
				INFOPLIST_KEY_UISupportedInterfaceOrientations = UIInterfaceOrientationPortrait;
				INFOPLIST_KEY_UISupportedInterfaceOrientations_iPad = "UIInterfaceOrientationLandscapeLeft UIInterfaceOrientationLandscapeRight UIInterfaceOrientationPortrait UIInterfaceOrientationPortraitUpsideDown";
				INFOPLIST_KEY_UIUserInterfaceStyle = Light;
				IPHONEOS_DEPLOYMENT_TARGET = 16.0;
				LD_RUNPATH_SEARCH_PATHS = (
					"$(inherited)",
					"@executable_path/Frameworks",
				);
				MARKETING_VERSION = 1.0;
				PRODUCT_BUNDLE_IDENTIFIER = com.feather.FLOV;
				PRODUCT_NAME = "$(TARGET_NAME)";
				SUPPORTED_PLATFORMS = "iphoneos iphonesimulator";
				SUPPORTS_MACCATALYST = NO;
				SUPPORTS_MAC_DESIGNED_FOR_IPHONE_IPAD = NO;
				SUPPORTS_XR_DESIGNED_FOR_IPHONE_IPAD = NO;
				SWIFT_EMIT_LOC_STRINGS = YES;
				SWIFT_VERSION = 5.0;
				TARGETED_DEVICE_FAMILY = 1;
			};
			name = Release;
		};
/* End XCBuildConfiguration section */

/* Begin XCConfigurationList section */
		792CF8792DCFB3880074FB34 /* Build configuration list for PBXProject "FLOV" */ = {
			isa = XCConfigurationList;
			buildConfigurations = (
				792CF88A2DCFB3890074FB34 /* Debug */,
				792CF88B2DCFB3890074FB34 /* Release */,
			);
			defaultConfigurationIsVisible = 0;
			defaultConfigurationName = Release;
		};
		792CF88C2DCFB3890074FB34 /* Build configuration list for PBXNativeTarget "FLOV" */ = {
			isa = XCConfigurationList;
			buildConfigurations = (
				792CF88D2DCFB3890074FB34 /* Debug */,
				792CF88E2DCFB3890074FB34 /* Release */,
			);
			defaultConfigurationIsVisible = 0;
			defaultConfigurationName = Release;
		};
/* End XCConfigurationList section */

/* Begin XCRemoteSwiftPackageReference section */
		791B11BE2DF1D260003461D6 /* XCRemoteSwiftPackageReference "realm-swift" */ = {
			isa = XCRemoteSwiftPackageReference;
			repositoryURL = "https://github.com/realm/realm-swift.git";
			requirement = {
				kind = exactVersion;
				version = 20.0.2;
			};
		};
		791B11C72DF1D309003461D6 /* XCRemoteSwiftPackageReference "socket.io-client-swift" */ = {
			isa = XCRemoteSwiftPackageReference;
			repositoryURL = "https://github.com/socketio/socket.io-client-swift.git";
			requirement = {
				kind = exactVersion;
				version = 16.1.1;
			};
		};
		793178422DE8739700D0CC75 /* XCRemoteSwiftPackageReference "Kingfisher" */ = {
			isa = XCRemoteSwiftPackageReference;
			repositoryURL = "https://github.com/onevcat/Kingfisher.git";
			requirement = {
				kind = upToNextMajorVersion;
				minimumVersion = 8.3.2;
			};
		};
		79C1FE542DF5551F006D6141 /* XCRemoteSwiftPackageReference "firebase-ios-sdk" */ = {
			isa = XCRemoteSwiftPackageReference;
			repositoryURL = "https://github.com/firebase/firebase-ios-sdk.git";
			requirement = {
				kind = upToNextMajorVersion;
				minimumVersion = 11.14.0;
			};
		};
		79F4B4C22DD47766008F95BE /* XCRemoteSwiftPackageReference "Alamofire" */ = {
			isa = XCRemoteSwiftPackageReference;
			repositoryURL = "https://github.com/Alamofire/Alamofire";
			requirement = {
				kind = upToNextMajorVersion;
				minimumVersion = 5.10.2;
			};
		};
		79F4B4C52DD47774008F95BE /* XCRemoteSwiftPackageReference "kakao-ios-sdk" */ = {
			isa = XCRemoteSwiftPackageReference;
			repositoryURL = "https://github.com/kakao/kakao-ios-sdk";
			requirement = {
				kind = upToNextMajorVersion;
				minimumVersion = 2.24.2;
			};
		};
/* End XCRemoteSwiftPackageReference section */

/* Begin XCSwiftPackageProductDependency section */
		791B11BF2DF1D260003461D6 /* RealmSwift */ = {
			isa = XCSwiftPackageProductDependency;
			package = 791B11BE2DF1D260003461D6 /* XCRemoteSwiftPackageReference "realm-swift" */;
			productName = RealmSwift;
		};
		791B11C82DF1D309003461D6 /* SocketIO */ = {
			isa = XCSwiftPackageProductDependency;
			package = 791B11C72DF1D309003461D6 /* XCRemoteSwiftPackageReference "socket.io-client-swift" */;
			productName = SocketIO;
		};
		793178432DE8739700D0CC75 /* Kingfisher */ = {
			isa = XCSwiftPackageProductDependency;
			package = 793178422DE8739700D0CC75 /* XCRemoteSwiftPackageReference "Kingfisher" */;
			productName = Kingfisher;
		};
		79C1FE552DF5551F006D6141 /* FirebaseAnalyticsWithoutAdIdSupport */ = {
			isa = XCSwiftPackageProductDependency;
			package = 79C1FE542DF5551F006D6141 /* XCRemoteSwiftPackageReference "firebase-ios-sdk" */;
			productName = FirebaseAnalyticsWithoutAdIdSupport;
		};
		79C1FE572DF5551F006D6141 /* FirebaseCrashlytics */ = {
			isa = XCSwiftPackageProductDependency;
			package = 79C1FE542DF5551F006D6141 /* XCRemoteSwiftPackageReference "firebase-ios-sdk" */;
			productName = FirebaseCrashlytics;
		};
		79C1FE592DF5551F006D6141 /* FirebaseMessaging */ = {
			isa = XCSwiftPackageProductDependency;
			package = 79C1FE542DF5551F006D6141 /* XCRemoteSwiftPackageReference "firebase-ios-sdk" */;
			productName = FirebaseMessaging;
		};
		79F4B4C32DD47766008F95BE /* Alamofire */ = {
			isa = XCSwiftPackageProductDependency;
			package = 79F4B4C22DD47766008F95BE /* XCRemoteSwiftPackageReference "Alamofire" */;
			productName = Alamofire;
		};
		79F4B4C62DD47774008F95BE /* KakaoSDKAuth */ = {
			isa = XCSwiftPackageProductDependency;
			package = 79F4B4C52DD47774008F95BE /* XCRemoteSwiftPackageReference "kakao-ios-sdk" */;
			productName = KakaoSDKAuth;
		};
		79F4B4C82DD47774008F95BE /* KakaoSDKCommon */ = {
			isa = XCSwiftPackageProductDependency;
			package = 79F4B4C52DD47774008F95BE /* XCRemoteSwiftPackageReference "kakao-ios-sdk" */;
			productName = KakaoSDKCommon;
		};
		79F4B4CA2DD47774008F95BE /* KakaoSDKUser */ = {
			isa = XCSwiftPackageProductDependency;
			package = 79F4B4C52DD47774008F95BE /* XCRemoteSwiftPackageReference "kakao-ios-sdk" */;
			productName = KakaoSDKUser;
		};
/* End XCSwiftPackageProductDependency section */
	};
	rootObject = 792CF8762DCFB3880074FB34 /* Project object */;
}
